{
  "name": "myblog.loc",
  "lockfileVersion": 2,
  "requires": true,
  "packages": {
    "": {
      "devDependencies": {
        "laravel-echo": "^1.14.2",
        "pusher-js": "^7.5.0"
      }
    },
    "node_modules/@types/node": {
      "version": "14.18.33",
      "resolved": "https://registry.npmjs.org/@types/node/-/node-14.18.33.tgz",
      "integrity": "sha512-qelS/Ra6sacc4loe/3MSjXNL1dNQ/GjxNHVzuChwMfmk7HuycRLVQN2qNY3XahK+fZc5E2szqQSKUyAF0E+2bg==",
      "dev": true
    },
    "node_modules/laravel-echo": {
      "version": "1.14.2",
      "resolved": "https://registry.npmjs.org/laravel-echo/-/laravel-echo-1.14.2.tgz",
      "integrity": "sha512-oSQOlkdU9xCzW79g45/RN/zAQdjX7aHiVTAswv1pPv1aLukU/kZjMf2NDnkNQAwkORbh0255gahNIUN8M/Ev9g==",
      "dev": true,
      "engines": {
        "node": ">=10"
      }
    },
    "node_modules/pusher-js": {
      "version": "7.5.0",
      "resolved": "https://registry.npmjs.org/pusher-js/-/pusher-js-7.5.0.tgz",
      "integrity": "sha512-R8eL3v2hnOC7NY8ufvrcDPdEjit//2pqVmcC7h1sUyoZQ4M+bwlwkszmMVuVbYNKZUS8WRFmSvdeb9LkfLyvZQ==",
      "dev": true,
      "dependencies": {
        "@types/node": "^14.14.31",
        "tweetnacl": "^1.0.3"
      }
    },
    "node_modules/tweetnacl": {
      "version": "1.0.3",
      "resolved": "https://registry.npmjs.org/tweetnacl/-/tweetnacl-1.0.3.tgz",
      "integrity": "sha512-6rt+RN7aOi1nGMyC4Xa5DdYiukl2UWCbcJft7YhxReBGQD7OAM8Pbxw6YMo4r2diNEA8FEmu32YOn9rhaiE5yw==",
      "dev": true
    }
  },
  "dependencies": {
    "@types/node": {
      "version": "14.18.33",
      "resolved": "https://registry.npmjs.org/@types/node/-/node-14.18.33.tgz",
      "integrity": "sha512-qelS/Ra6sacc4loe/3MSjXNL1dNQ/GjxNHVzuChwMfmk7HuycRLVQN2qNY3XahK+fZc5E2szqQSKUyAF0E+2bg==",
      "dev": true
    },
    "laravel-echo": {
      "version": "1.14.2",
      "resolved": "https://registry.npmjs.org/laravel-echo/-/laravel-echo-1.14.2.tgz",
      "integrity": "sha512-oSQOlkdU9xCzW79g45/RN/zAQdjX7aHiVTAswv1pPv1aLukU/kZjMf2NDnkNQAwkORbh0255gahNIUN8M/Ev9g==",
      "dev": true
    },
    "pusher-js": {
      "version": "7.5.0",
      "resolved": "https://registry.npmjs.org/pusher-js/-/pusher-js-7.5.0.tgz",
      "integrity": "sha512-R8eL3v2hnOC7NY8ufvrcDPdEjit//2pqVmcC7h1sUyoZQ4M+bwlwkszmMVuVbYNKZUS8WRFmSvdeb9LkfLyvZQ==",
      "dev": true,
      "requires": {
        "@types/node": "^14.14.31",
        "tweetnacl": "^1.0.3"
      }
    },
    "tweetnacl": {
      "version": "1.0.3",
      "resolved": "https://registry.npmjs.org/tweetnacl/-/tweetnacl-1.0.3.tgz",
      "integrity": "sha512-6rt+RN7aOi1nGMyC4Xa5DdYiukl2UWCbcJft7YhxReBGQD7OAM8Pbxw6YMo4r2diNEA8FEmu32YOn9rhaiE5yw==",
      "dev": true
    }
  }
}
